
Microsoft Visual Studio Solution File, Format Version 12.00
# Visual Studio Version 16
VisualStudioVersion = 16.0.28407.52
MinimumVisualStudioVersion = 10.0.40219.1
Project("{FAE04EC0-301F-11D3-BF4B-00C04F79EFBC}") = "SSFR_Movies.Android", "SSFR_Movies\SSFR_Movies.Android\SSFR_Movies.Android.csproj", "{21615220-23BC-4228-8DDD-C5C1085293DB}"
EndProject
Project("{9A19103F-16F7-4668-BE54-9A1E7A4F7556}") = "SSFR_Movies", "SSFR_Movies\SSFR_Movies\SSFR_Movies.csproj", "{579D795D-DC3D-4D6B-82D5-FBDBC31FB272}"
EndProject
Project("{FAE04EC0-301F-11D3-BF4B-00C04F79EFBC}") = "SSFR_Movies.iOS", "SSFR_Movies.iOS\SSFR_Movies.iOS.csproj", "{B0512A8A-70CC-46EC-9E0A-0DABE11600D1}"
EndProject
Global
	GlobalSection(SolutionConfigurationPlatforms) = preSolution
		Ad-Hoc|Any CPU = Ad-Hoc|Any CPU
		Ad-Hoc|iPhone = Ad-Hoc|iPhone
		Ad-Hoc|iPhoneSimulator = Ad-Hoc|iPhoneSimulator
		AppStore|Any CPU = AppStore|Any CPU
		AppStore|iPhone = AppStore|iPhone
		AppStore|iPhoneSimulator = AppStore|iPhoneSimulator
		Debug|Any CPU = Debug|Any CPU
		Debug|iPhone = Debug|iPhone
		Debug|iPhoneSimulator = Debug|iPhoneSimulator
		Release|Any CPU = Release|Any CPU
		Release|iPhone = Release|iPhone
		Release|iPhoneSimulator = Release|iPhoneSimulator
	EndGlobalSection
	GlobalSection(ProjectConfigurationPlatforms) = postSolution
		{21615220-23BC-4228-8DDD-C5C1085293DB}.Ad-Hoc|Any CPU.ActiveCfg = Release|Any CPU
		{21615220-23BC-4228-8DDD-C5C1085293DB}.Ad-Hoc|Any CPU.Build.0 = Release|Any CPU
		{21615220-23BC-4228-8DDD-C5C1085293DB}.Ad-Hoc|Any CPU.Deploy.0 = Release|Any CPU
		{21615220-23BC-4228-8DDD-C5C1085293DB}.Ad-Hoc|iPhone.ActiveCfg = Release|Any CPU
		{21615220-23BC-4228-8DDD-C5C1085293DB}.Ad-Hoc|iPhone.Build.0 = Release|Any CPU
		{21615220-23BC-4228-8DDD-C5C1085293DB}.Ad-Hoc|iPhone.Deploy.0 = Release|Any CPU
		{21615220-23BC-4228-8DDD-C5C1085293DB}.Ad-Hoc|iPhoneSimulator.ActiveCfg = Release|Any CPU
		{21615220-23BC-4228-8DDD-C5C1085293DB}.Ad-Hoc|iPhoneSimulator.Build.0 = Release|Any CPU
		{21615220-23BC-4228-8DDD-C5C1085293DB}.Ad-Hoc|iPhoneSimulator.Deploy.0 = Release|Any CPU
		{21615220-23BC-4228-8DDD-C5C1085293DB}.AppStore|Any CPU.ActiveCfg = Release|Any CPU
		{21615220-23BC-4228-8DDD-C5C1085293DB}.AppStore|Any CPU.Build.0 = Release|Any CPU
		{21615220-23BC-4228-8DDD-C5C1085293DB}.AppStore|Any CPU.Deploy.0 = Release|Any CPU
		{21615220-23BC-4228-8DDD-C5C1085293DB}.AppStore|iPhone.ActiveCfg = Release|Any CPU
		{21615220-23BC-4228-8DDD-C5C1085293DB}.AppStore|iPhone.Build.0 = Release|Any CPU
		{21615220-23BC-4228-8DDD-C5C1085293DB}.AppStore|iPhone.Deploy.0 = Release|Any CPU
		{21615220-23BC-4228-8DDD-C5C1085293DB}.AppStore|iPhoneSimulator.ActiveCfg = Release|Any CPU
		{21615220-23BC-4228-8DDD-C5C1085293DB}.AppStore|iPhoneSimulator.Build.0 = Release|Any CPU
		{21615220-23BC-4228-8DDD-C5C1085293DB}.AppStore|iPhoneSimulator.Deploy.0 = Release|Any CPU
		{21615220-23BC-4228-8DDD-C5C1085293DB}.Debug|Any CPU.ActiveCfg = Debug|Any CPU
		{21615220-23BC-4228-8DDD-C5C1085293DB}.Debug|Any CPU.Build.0 = Debug|Any CPU
		{21615220-23BC-4228-8DDD-C5C1085293DB}.Debug|Any CPU.Deploy.0 = Debug|Any CPU
		{21615220-23BC-4228-8DDD-C5C1085293DB}.Debug|iPhone.ActiveCfg = Debug|Any CPU
		{21615220-23BC-4228-8DDD-C5C1085293DB}.Debug|iPhone.Build.0 = Debug|Any CPU
		{21615220-23BC-4228-8DDD-C5C1085293DB}.Debug|iPhone.Deploy.0 = Debug|Any CPU
		{21615220-23BC-4228-8DDD-C5C1085293DB}.Debug|iPhoneSimulator.ActiveCfg = Debug|Any CPU
		{21615220-23BC-4228-8DDD-C5C1085293DB}.Debug|iPhoneSimulator.Build.0 = Debug|Any CPU
		{21615220-23BC-4228-8DDD-C5C1085293DB}.Debug|iPhoneSimulator.Deploy.0 = Debug|Any CPU
		{21615220-23BC-4228-8DDD-C5C1085293DB}.Release|Any CPU.ActiveCfg = Release|Any CPU
		{21615220-23BC-4228-8DDD-C5C1085293DB}.Release|Any CPU.Build.0 = Release|Any CPU
		{21615220-23BC-4228-8DDD-C5C1085293DB}.Release|Any CPU.Deploy.0 = Release|Any CPU
		{21615220-23BC-4228-8DDD-C5C1085293DB}.Release|iPhone.ActiveCfg = Release|Any CPU
		{21615220-23BC-4228-8DDD-C5C1085293DB}.Release|iPhone.Build.0 = Release|Any CPU
		{21615220-23BC-4228-8DDD-C5C1085293DB}.Release|iPhone.Deploy.0 = Release|Any CPU
		{21615220-23BC-4228-8DDD-C5C1085293DB}.Release|iPhoneSimulator.ActiveCfg = Release|Any CPU
		{21615220-23BC-4228-8DDD-C5C1085293DB}.Release|iPhoneSimulator.Build.0 = Release|Any CPU
		{21615220-23BC-4228-8DDD-C5C1085293DB}.Release|iPhoneSimulator.Deploy.0 = Release|Any CPU
		{579D795D-DC3D-4D6B-82D5-FBDBC31FB272}.Ad-Hoc|Any CPU.ActiveCfg = Debug|Any CPU
		{579D795D-DC3D-4D6B-82D5-FBDBC31FB272}.Ad-Hoc|Any CPU.Build.0 = Debug|Any CPU
		{579D795D-DC3D-4D6B-82D5-FBDBC31FB272}.Ad-Hoc|Any CPU.Deploy.0 = Debug|Any CPU
		{579D795D-DC3D-4D6B-82D5-FBDBC31FB272}.Ad-Hoc|iPhone.ActiveCfg = Debug|Any CPU
		{579D795D-DC3D-4D6B-82D5-FBDBC31FB272}.Ad-Hoc|iPhone.Build.0 = Debug|Any CPU
		{579D795D-DC3D-4D6B-82D5-FBDBC31FB272}.Ad-Hoc|iPhone.Deploy.0 = Debug|Any CPU
		{579D795D-DC3D-4D6B-82D5-FBDBC31FB272}.Ad-Hoc|iPhoneSimulator.ActiveCfg = Debug|Any CPU
		{579D795D-DC3D-4D6B-82D5-FBDBC31FB272}.Ad-Hoc|iPhoneSimulator.Build.0 = Debug|Any CPU
		{579D795D-DC3D-4D6B-82D5-FBDBC31FB272}.Ad-Hoc|iPhoneSimulator.Deploy.0 = Debug|Any CPU
		{579D795D-DC3D-4D6B-82D5-FBDBC31FB272}.AppStore|Any CPU.ActiveCfg = Debug|Any CPU
		{579D795D-DC3D-4D6B-82D5-FBDBC31FB272}.AppStore|Any CPU.Build.0 = Debug|Any CPU
		{579D795D-DC3D-4D6B-82D5-FBDBC31FB272}.AppStore|Any CPU.Deploy.0 = Debug|Any CPU
		{579D795D-DC3D-4D6B-82D5-FBDBC31FB272}.AppStore|iPhone.ActiveCfg = Debug|Any CPU
		{579D795D-DC3D-4D6B-82D5-FBDBC31FB272}.AppStore|iPhone.Build.0 = Debug|Any CPU
		{579D795D-DC3D-4D6B-82D5-FBDBC31FB272}.AppStore|iPhone.Deploy.0 = Debug|Any CPU
		{579D795D-DC3D-4D6B-82D5-FBDBC31FB272}.AppStore|iPhoneSimulator.ActiveCfg = Debug|Any CPU
		{579D795D-DC3D-4D6B-82D5-FBDBC31FB272}.AppStore|iPhoneSimulator.Build.0 = Debug|Any CPU
		{579D795D-DC3D-4D6B-82D5-FBDBC31FB272}.AppStore|iPhoneSimulator.Deploy.0 = Debug|Any CPU
		{579D795D-DC3D-4D6B-82D5-FBDBC31FB272}.Debug|Any CPU.ActiveCfg = Debug|Any CPU
		{579D795D-DC3D-4D6B-82D5-FBDBC31FB272}.Debug|Any CPU.Build.0 = Debug|Any CPU
		{579D795D-DC3D-4D6B-82D5-FBDBC31FB272}.Debug|Any CPU.Deploy.0 = Debug|Any CPU
		{579D795D-DC3D-4D6B-82D5-FBDBC31FB272}.Debug|iPhone.ActiveCfg = Debug|Any CPU
		{579D795D-DC3D-4D6B-82D5-FBDBC31FB272}.Debug|iPhone.Build.0 = Debug|Any CPU
		{579D795D-DC3D-4D6B-82D5-FBDBC31FB272}.Debug|iPhone.Deploy.0 = Debug|Any CPU
		{579D795D-DC3D-4D6B-82D5-FBDBC31FB272}.Debug|iPhoneSimulator.ActiveCfg = Debug|Any CPU
		{579D795D-DC3D-4D6B-82D5-FBDBC31FB272}.Debug|iPhoneSimulator.Build.0 = Debug|Any CPU
		{579D795D-DC3D-4D6B-82D5-FBDBC31FB272}.Debug|iPhoneSimulator.Deploy.0 = Debug|Any CPU
		{579D795D-DC3D-4D6B-82D5-FBDBC31FB272}.Release|Any CPU.ActiveCfg = Release|Any CPU
		{579D795D-DC3D-4D6B-82D5-FBDBC31FB272}.Release|Any CPU.Build.0 = Release|Any CPU
		{579D795D-DC3D-4D6B-82D5-FBDBC31FB272}.Release|Any CPU.Deploy.0 = Release|Any CPU
		{579D795D-DC3D-4D6B-82D5-FBDBC31FB272}.Release|iPhone.ActiveCfg = Release|Any CPU
		{579D795D-DC3D-4D6B-82D5-FBDBC31FB272}.Release|iPhone.Build.0 = Release|Any CPU
		{579D795D-DC3D-4D6B-82D5-FBDBC31FB272}.Release|iPhone.Deploy.0 = Release|Any CPU
		{579D795D-DC3D-4D6B-82D5-FBDBC31FB272}.Release|iPhoneSimulator.ActiveCfg = Release|Any CPU
		{579D795D-DC3D-4D6B-82D5-FBDBC31FB272}.Release|iPhoneSimulator.Build.0 = Release|Any CPU
		{579D795D-DC3D-4D6B-82D5-FBDBC31FB272}.Release|iPhoneSimulator.Deploy.0 = Release|Any CPU
		{B0512A8A-70CC-46EC-9E0A-0DABE11600D1}.Ad-Hoc|Any CPU.ActiveCfg = Release|iPhone
		{B0512A8A-70CC-46EC-9E0A-0DABE11600D1}.Ad-Hoc|Any CPU.Build.0 = Release|iPhone
		{B0512A8A-70CC-46EC-9E0A-0DABE11600D1}.Ad-Hoc|iPhone.ActiveCfg = Release|iPhone
		{B0512A8A-70CC-46EC-9E0A-0DABE11600D1}.Ad-Hoc|iPhone.Build.0 = Release|iPhone
		{B0512A8A-70CC-46EC-9E0A-0DABE11600D1}.Ad-Hoc|iPhoneSimulator.ActiveCfg = Release|iPhoneSimulator
		{B0512A8A-70CC-46EC-9E0A-0DABE11600D1}.Ad-Hoc|iPhoneSimulator.Build.0 = Release|iPhoneSimulator
		{B0512A8A-70CC-46EC-9E0A-0DABE11600D1}.AppStore|Any CPU.ActiveCfg = Release|iPhone
		{B0512A8A-70CC-46EC-9E0A-0DABE11600D1}.AppStore|Any CPU.Build.0 = Release|iPhone
		{B0512A8A-70CC-46EC-9E0A-0DABE11600D1}.AppStore|iPhone.ActiveCfg = Release|iPhone
		{B0512A8A-70CC-46EC-9E0A-0DABE11600D1}.AppStore|iPhone.Build.0 = Release|iPhone
		{B0512A8A-70CC-46EC-9E0A-0DABE11600D1}.AppStore|iPhoneSimulator.ActiveCfg = Release|iPhoneSimulator
		{B0512A8A-70CC-46EC-9E0A-0DABE11600D1}.AppStore|iPhoneSimulator.Build.0 = Release|iPhoneSimulator
		{B0512A8A-70CC-46EC-9E0A-0DABE11600D1}.Debug|Any CPU.ActiveCfg = Debug|iPhone
		{B0512A8A-70CC-46EC-9E0A-0DABE11600D1}.Debug|iPhone.ActiveCfg = Debug|iPhone
		{B0512A8A-70CC-46EC-9E0A-0DABE11600D1}.Debug|iPhone.Build.0 = Debug|iPhone
		{B0512A8A-70CC-46EC-9E0A-0DABE11600D1}.Debug|iPhoneSimulator.ActiveCfg = Debug|iPhoneSimulator
		{B0512A8A-70CC-46EC-9E0A-0DABE11600D1}.Debug|iPhoneSimulator.Build.0 = Debug|iPhoneSimulator
		{B0512A8A-70CC-46EC-9E0A-0DABE11600D1}.Release|Any CPU.ActiveCfg = Release|iPhone
		{B0512A8A-70CC-46EC-9E0A-0DABE11600D1}.Release|iPhone.ActiveCfg = Release|iPhone
		{B0512A8A-70CC-46EC-9E0A-0DABE11600D1}.Release|iPhone.Build.0 = Release|iPhone
		{B0512A8A-70CC-46EC-9E0A-0DABE11600D1}.Release|iPhoneSimulator.ActiveCfg = Release|iPhoneSimulator
		{B0512A8A-70CC-46EC-9E0A-0DABE11600D1}.Release|iPhoneSimulator.Build.0 = Release|iPhoneSimulator
	EndGlobalSection
	GlobalSection(SolutionProperties) = preSolution
		HideSolutionNode = FALSE
	EndGlobalSection
	GlobalSection(ExtensibilityGlobals) = postSolution
		SolutionGuid = {8FD9F09C-0546-40D0-AEEA-E9077702B5B0}
	EndGlobalSection
EndGlobal
